
Microsoft Visual Studio Solution File, Format Version 12.00
# Visual Studio Version 17
VisualStudioVersion = 17.8.34330.188
MinimumVisualStudioVersion = 10.0.40219.1
Project("{FAE04EC0-301F-11D3-BF4B-00C04F79EFBC}") = "Magazin", "Magazin\Magazin.csproj", "{44ABC2DA-C6B5-4C0E-A912-6CE291370D39}"
EndProject
Project("{FAE04EC0-301F-11D3-BF4B-00C04F79EFBC}") = "Magazin.Context", "Magazin.Context\Magazin.Context.csproj", "{8993F568-AC89-43C2-8A7E-7E35A059C381}"
EndProject
Project("{FAE04EC0-301F-11D3-BF4B-00C04F79EFBC}") = "Magazin.Context.Contracts", "Magazin.Context.Contracts\Magazin.Context.Contracts.csproj", "{5F87CF6C-E8D8-4CE5-BDFE-117FED645A4E}"
EndProject
Global
	GlobalSection(SolutionConfigurationPlatforms) = preSolution
		Debug|Any CPU = Debug|Any CPU
		Release|Any CPU = Release|Any CPU
	EndGlobalSection
	GlobalSection(ProjectConfigurationPlatforms) = postSolution
		{44ABC2DA-C6B5-4C0E-A912-6CE291370D39}.Debug|Any CPU.ActiveCfg = Debug|Any CPU
		{44ABC2DA-C6B5-4C0E-A912-6CE291370D39}.Debug|Any CPU.Build.0 = Debug|Any CPU
		{44ABC2DA-C6B5-4C0E-A912-6CE291370D39}.Release|Any CPU.ActiveCfg = Release|Any CPU
		{44ABC2DA-C6B5-4C0E-A912-6CE291370D39}.Release|Any CPU.Build.0 = Release|Any CPU
		{8993F568-AC89-43C2-8A7E-7E35A059C381}.Debug|Any CPU.ActiveCfg = Debug|Any CPU
		{8993F568-AC89-43C2-8A7E-7E35A059C381}.Debug|Any CPU.Build.0 = Debug|Any CPU
		{8993F568-AC89-43C2-8A7E-7E35A059C381}.Release|Any CPU.ActiveCfg = Release|Any CPU
		{8993F568-AC89-43C2-8A7E-7E35A059C381}.Release|Any CPU.Build.0 = Release|Any CPU
		{5F87CF6C-E8D8-4CE5-BDFE-117FED645A4E}.Debug|Any CPU.ActiveCfg = Debug|Any CPU
		{5F87CF6C-E8D8-4CE5-BDFE-117FED645A4E}.Debug|Any CPU.Build.0 = Debug|Any CPU
		{5F87CF6C-E8D8-4CE5-BDFE-117FED645A4E}.Release|Any CPU.ActiveCfg = Release|Any CPU
		{5F87CF6C-E8D8-4CE5-BDFE-117FED645A4E}.Release|Any CPU.Build.0 = Release|Any CPU
	EndGlobalSection
	GlobalSection(SolutionProperties) = preSolution
		HideSolutionNode = FALSE
	EndGlobalSection
	GlobalSection(ExtensibilityGlobals) = postSolution
		SolutionGuid = {1FDE870B-AE9F-404F-9C78-31FF58EF07CB}
	EndGlobalSection
EndGlobal
